// !$*UTF8*$!
{
	archiveVersion = 1;
	classes = {
	};
	objectVersion = 46;
	objects = {

/* Begin PBXBuildFile section */
		F239CC0A1EC9E3A100BA741E /* main.m in Sources */ = {isa = PBXBuildFile; fileRef = F239CC091EC9E3A100BA741E /* main.m */; };
		F239CC0D1EC9E3A100BA741E /* AppDelegate.m in Sources */ = {isa = PBXBuildFile; fileRef = F239CC0C1EC9E3A100BA741E /* AppDelegate.m */; };
		F239CC101EC9E3A100BA741E /* ViewController.m in Sources */ = {isa = PBXBuildFile; fileRef = F239CC0F1EC9E3A100BA741E /* ViewController.m */; };
		F239CC131EC9E3A100BA741E /* Main.storyboard in Resources */ = {isa = PBXBuildFile; fileRef = F239CC111EC9E3A100BA741E /* Main.storyboard */; };
		F239CC151EC9E3A100BA741E /* Assets.xcassets in Resources */ = {isa = PBXBuildFile; fileRef = F239CC141EC9E3A100BA741E /* Assets.xcassets */; };
		F239CC181EC9E3A100BA741E /* LaunchScreen.storyboard in Resources */ = {isa = PBXBuildFile; fileRef = F239CC161EC9E3A100BA741E /* LaunchScreen.storyboard */; };
		F239CC231EC9E3A100BA741E /* SQLite3DBSampleTests.m in Sources */ = {isa = PBXBuildFile; fileRef = F239CC221EC9E3A100BA741E /* SQLite3DBSampleTests.m */; };
		F239CC2E1EC9E3A100BA741E /* SQLite3DBSampleUITests.m in Sources */ = {isa = PBXBuildFile; fileRef = F239CC2D1EC9E3A100BA741E /* SQLite3DBSampleUITests.m */; };
		F239CC3D1EC9E45100BA741E /* libsqlite3.tbd in Frameworks */ = {isa = PBXBuildFile; fileRef = F239CC3C1EC9E45100BA741E /* libsqlite3.tbd */; };
		F239CC3F1EC9E49900BA741E /* libsqlite3.dylib in Frameworks */ = {isa = PBXBuildFile; fileRef = F239CC3E1EC9E49900BA741E /* libsqlite3.dylib */; };
		F239CC421EC9E51A00BA741E /* DBManager.m in Sources */ = {isa = PBXBuildFile; fileRef = F239CC411EC9E51A00BA741E /* DBManager.m */; };
		F239CC441ECA0CFE00BA741E /* sampledb.sql in Resources */ = {isa = PBXBuildFile; fileRef = F239CC431ECA0CFE00BA741E /* sampledb.sql */; };
		F239CC471ECB1C1000BA741E /* EditInfoViewController.m in Sources */ = {isa = PBXBuildFile; fileRef = F239CC461ECB1C1000BA741E /* EditInfoViewController.m */; };
/* End PBXBuildFile section */

/* Begin PBXContainerItemProxy section */
		F239CC1F1EC9E3A100BA741E /* PBXContainerItemProxy */ = {
			isa = PBXContainerItemProxy;
			containerPortal = F239CBFD1EC9E3A100BA741E /* Project object */;
			proxyType = 1;
			remoteGlobalIDString = F239CC041EC9E3A100BA741E;
			remoteInfo = SQLite3DBSample;
		};
		F239CC2A1EC9E3A100BA741E /* PBXContainerItemProxy */ = {
			isa = PBXContainerItemProxy;
			containerPortal = F239CBFD1EC9E3A100BA741E /* Project object */;
			proxyType = 1;
			remoteGlobalIDString = F239CC041EC9E3A100BA741E;
			remoteInfo = SQLite3DBSample;
		};
/* End PBXContainerItemProxy section */

/* Begin PBXFileReference section */
		F239CC051EC9E3A100BA741E /* SQLite3DBSample.app */ = {isa = PBXFileReference; explicitFileType = wrapper.application; includeInIndex = 0; path = SQLite3DBSample.app; sourceTree = BUILT_PRODUCTS_DIR; };
		F239CC091EC9E3A100BA741E /* main.m */ = {isa = PBXFileReference; lastKnownFileType = sourcecode.c.objc; path = main.m; sourceTree = "<group>"; };
		F239CC0B1EC9E3A100BA741E /* AppDelegate.h */ = {isa = PBXFileReference; lastKnownFileType = sourcecode.c.h; path = AppDelegate.h; sourceTree = "<group>"; };
		F239CC0C1EC9E3A100BA741E /* AppDelegate.m */ = {isa = PBXFileReference; lastKnownFileType = sourcecode.c.objc; path = AppDelegate.m; sourceTree = "<group>"; };
		F239CC0E1EC9E3A100BA741E /* ViewController.h */ = {isa = PBXFileReference; lastKnownFileType = sourcecode.c.h; path = ViewController.h; sourceTree = "<group>"; };
		F239CC0F1EC9E3A100BA741E /* ViewController.m */ = {isa = PBXFileReference; lastKnownFileType = sourcecode.c.objc; path = ViewController.m; sourceTree = "<group>"; };
		F239CC121EC9E3A100BA741E /* Base */ = {isa = PBXFileReference; lastKnownFileType = file.storyboard; name = Base; path = Base.lproj/Main.storyboard; sourceTree = "<group>"; };
		F239CC141EC9E3A100BA741E /* Assets.xcassets */ = {isa = PBXFileReference; lastKnownFileType = folder.assetcatalog; path = Assets.xcassets; sourceTree = "<group>"; };
		F239CC171EC9E3A100BA741E /* Base */ = {isa = PBXFileReference; lastKnownFileType = file.storyboard; name = Base; path = Base.lproj/LaunchScreen.storyboard; sourceTree = "<group>"; };
		F239CC191EC9E3A100BA741E /* Info.plist */ = {isa = PBXFileReference; lastKnownFileType = text.plist.xml; path = Info.plist; sourceTree = "<group>"; };
		F239CC1E1EC9E3A100BA741E /* SQLite3DBSampleTests.xctest */ = {isa = PBXFileReference; explicitFileType = wrapper.cfbundle; includeInIndex = 0; path = SQLite3DBSampleTests.xctest; sourceTree = BUILT_PRODUCTS_DIR; };
		F239CC221EC9E3A100BA741E /* SQLite3DBSampleTests.m */ = {isa = PBXFileReference; lastKnownFileType = sourcecode.c.objc; path = SQLite3DBSampleTests.m; sourceTree = "<group>"; };
		F239CC241EC9E3A100BA741E /* Info.plist */ = {isa = PBXFileReference; lastKnownFileType = text.plist.xml; path = Info.plist; sourceTree = "<group>"; };
		F239CC291EC9E3A100BA741E /* SQLite3DBSampleUITests.xctest */ = {isa = PBXFileReference; explicitFileType = wrapper.cfbundle; includeInIndex = 0; path = SQLite3DBSampleUITests.xctest; sourceTree = BUILT_PRODUCTS_DIR; };
		F239CC2D1EC9E3A100BA741E /* SQLite3DBSampleUITests.m */ = {isa = PBXFileReference; lastKnownFileType = sourcecode.c.objc; path = SQLite3DBSampleUITests.m; sourceTree = "<group>"; };
		F239CC2F1EC9E3A100BA741E /* Info.plist */ = {isa = PBXFileReference; lastKnownFileType = text.plist.xml; path = Info.plist; sourceTree = "<group>"; };
		F239CC3C1EC9E45100BA741E /* libsqlite3.tbd */ = {isa = PBXFileReference; lastKnownFileType = "sourcecode.text-based-dylib-definition"; name = libsqlite3.tbd; path = usr/lib/libsqlite3.tbd; sourceTree = SDKROOT; };
		F239CC3E1EC9E49900BA741E /* libsqlite3.dylib */ = {isa = PBXFileReference; lastKnownFileType = "compiled.mach-o.dylib"; name = libsqlite3.dylib; path = ../../../../usr/lib/libsqlite3.dylib; sourceTree = "<group>"; };
		F239CC401EC9E51A00BA741E /* DBManager.h */ = {isa = PBXFileReference; fileEncoding = 4; lastKnownFileType = sourcecode.c.h; name = DBManager.h; path = ../DBManager.h; sourceTree = "<group>"; };
		F239CC411EC9E51A00BA741E /* DBManager.m */ = {isa = PBXFileReference; fileEncoding = 4; lastKnownFileType = sourcecode.c.objc; name = DBManager.m; path = ../DBManager.m; sourceTree = "<group>"; };
		F239CC431ECA0CFE00BA741E /* sampledb.sql */ = {isa = PBXFileReference; lastKnownFileType = file; path = sampledb.sql; sourceTree = "<group>"; };
		F239CC451ECB1C1000BA741E /* EditInfoViewController.h */ = {isa = PBXFileReference; fileEncoding = 4; lastKnownFileType = sourcecode.c.h; path = EditInfoViewController.h; sourceTree = "<group>"; };
		F239CC461ECB1C1000BA741E /* EditInfoViewController.m */ = {isa = PBXFileReference; fileEncoding = 4; lastKnownFileType = sourcecode.c.objc; path = EditInfoViewController.m; sourceTree = "<group>"; };
/* End PBXFileReference section */

/* Begin PBXFrameworksBuildPhase section */
		F239CC021EC9E3A100BA741E /* Frameworks */ = {
			isa = PBXFrameworksBuildPhase;
			buildActionMask = 2147483647;
			files = (
				F239CC3F1EC9E49900BA741E /* libsqlite3.dylib in Frameworks */,
				F239CC3D1EC9E45100BA741E /* libsqlite3.tbd in Frameworks */,
			);
			runOnlyForDeploymentPostprocessing = 0;
		};
		F239CC1B1EC9E3A100BA741E /* Frameworks */ = {
			isa = PBXFrameworksBuildPhase;
			buildActionMask = 2147483647;
			files = (
			);
			runOnlyForDeploymentPostprocessing = 0;
		};
		F239CC261EC9E3A100BA741E /* Frameworks */ = {
			isa = PBXFrameworksBuildPhase;
			buildActionMask = 2147483647;
			files = (
			);
			runOnlyForDeploymentPostprocessing = 0;
		};
/* End PBXFrameworksBuildPhase section */

/* Begin PBXGroup section */
		F239CBFC1EC9E3A100BA741E = {
			isa = PBXGroup;
			children = (
				F239CC431ECA0CFE00BA741E /* sampledb.sql */,
				F239CC071EC9E3A100BA741E /* SQLite3DBSample */,
				F239CC211EC9E3A100BA741E /* SQLite3DBSampleTests */,
				F239CC2C1EC9E3A100BA741E /* SQLite3DBSampleUITests */,
				F239CC061EC9E3A100BA741E /* Products */,
				F239CC3B1EC9E45100BA741E /* Frameworks */,
			);
			sourceTree = "<group>";
		};
		F239CC061EC9E3A100BA741E /* Products */ = {
			isa = PBXGroup;
			children = (
				F239CC051EC9E3A100BA741E /* SQLite3DBSample.app */,
				F239CC1E1EC9E3A100BA741E /* SQLite3DBSampleTests.xctest */,
				F239CC291EC9E3A100BA741E /* SQLite3DBSampleUITests.xctest */,
			);
			name = Products;
			sourceTree = "<group>";
		};
		F239CC071EC9E3A100BA741E /* SQLite3DBSample */ = {
			isa = PBXGroup;
			children = (
				F239CC401EC9E51A00BA741E /* DBManager.h */,
				F239CC411EC9E51A00BA741E /* DBManager.m */,
				F239CC0B1EC9E3A100BA741E /* AppDelegate.h */,
				F239CC0C1EC9E3A100BA741E /* AppDelegate.m */,
				F239CC0E1EC9E3A100BA741E /* ViewController.h */,
				F239CC0F1EC9E3A100BA741E /* ViewController.m */,
				F239CC111EC9E3A100BA741E /* Main.storyboard */,
				F239CC451ECB1C1000BA741E /* EditInfoViewController.h */,
				F239CC461ECB1C1000BA741E /* EditInfoViewController.m */,
				F239CC141EC9E3A100BA741E /* Assets.xcassets */,
				F239CC161EC9E3A100BA741E /* LaunchScreen.storyboard */,
				F239CC191EC9E3A100BA741E /* Info.plist */,
				F239CC081EC9E3A100BA741E /* Supporting Files */,
			);
			path = SQLite3DBSample;
			sourceTree = "<group>";
		};
		F239CC081EC9E3A100BA741E /* Supporting Files */ = {
			isa = PBXGroup;
			children = (
				F239CC091EC9E3A100BA741E /* main.m */,
			);
			name = "Supporting Files";
			sourceTree = "<group>";
		};
		F239CC211EC9E3A100BA741E /* SQLite3DBSampleTests */ = {
			isa = PBXGroup;
			children = (
				F239CC221EC9E3A100BA741E /* SQLite3DBSampleTests.m */,
				F239CC241EC9E3A100BA741E /* Info.plist */,
			);
			path = SQLite3DBSampleTests;
			sourceTree = "<group>";
		};
		F239CC2C1EC9E3A100BA741E /* SQLite3DBSampleUITests */ = {
			isa = PBXGroup;
			children = (
				F239CC2D1EC9E3A100BA741E /* SQLite3DBSampleUITests.m */,
				F239CC2F1EC9E3A100BA741E /* Info.plist */,
			);
			path = SQLite3DBSampleUITests;
			sourceTree = "<group>";
		};
		F239CC3B1EC9E45100BA741E /* Frameworks */ = {
			isa = PBXGroup;
			children = (
				F239CC3E1EC9E49900BA741E /* libsqlite3.dylib */,
				F239CC3C1EC9E45100BA741E /* libsqlite3.tbd */,
			);
			name = Frameworks;
			sourceTree = "<group>";
		};
/* End PBXGroup section */

/* Begin PBXNativeTarget section */
		F239CC041EC9E3A100BA741E /* SQLite3DBSample */ = {
			isa = PBXNativeTarget;
			buildConfigurationList = F239CC321EC9E3A100BA741E /* Build configuration list for PBXNativeTarget "SQLite3DBSample" */;
			buildPhases = (
				F239CC011EC9E3A100BA741E /* Sources */,
				F239CC021EC9E3A100BA741E /* Frameworks */,
				F239CC031EC9E3A100BA741E /* Resources */,
			);
			buildRules = (
			);
			dependencies = (
			);
			name = SQLite3DBSample;
			productName = SQLite3DBSample;
			productReference = F239CC051EC9E3A100BA741E /* SQLite3DBSample.app */;
			productType = "com.apple.product-type.application";
		};
		F239CC1D1EC9E3A100BA741E /* SQLite3DBSampleTests */ = {
			isa = PBXNativeTarget;
			buildConfigurationList = F239CC351EC9E3A100BA741E /* Build configuration list for PBXNativeTarget "SQLite3DBSampleTests" */;
			buildPhases = (
				F239CC1A1EC9E3A100BA741E /* Sources */,
				F239CC1B1EC9E3A100BA741E /* Frameworks */,
				F239CC1C1EC9E3A100BA741E /* Resources */,
			);
			buildRules = (
			);
			dependencies = (
				F239CC201EC9E3A100BA741E /* PBXTargetDependency */,
			);
			name = SQLite3DBSampleTests;
			productName = SQLite3DBSampleTests;
			productReference = F239CC1E1EC9E3A100BA741E /* SQLite3DBSampleTests.xctest */;
			productType = "com.apple.product-type.bundle.unit-test";
		};
		F239CC281EC9E3A100BA741E /* SQLite3DBSampleUITests */ = {
			isa = PBXNativeTarget;
			buildConfigurationList = F239CC381EC9E3A100BA741E /* Build configuration list for PBXNativeTarget "SQLite3DBSampleUITests" */;
			buildPhases = (
				F239CC251EC9E3A100BA741E /* Sources */,
				F239CC261EC9E3A100BA741E /* Frameworks */,
				F239CC271EC9E3A100BA741E /* Resources */,
			);
			buildRules = (
			);
			dependencies = (
				F239CC2B1EC9E3A100BA741E /* PBXTargetDependency */,
			);
			name = SQLite3DBSampleUITests;
			productName = SQLite3DBSampleUITests;
			productReference = F239CC291EC9E3A100BA741E /* SQLite3DBSampleUITests.xctest */;
			productType = "com.apple.product-type.bundle.ui-testing";
		};
/* End PBXNativeTarget section */

/* Begin PBXProject section */
		F239CBFD1EC9E3A100BA741E /* Project object */ = {
			isa = PBXProject;
			attributes = {
				LastUpgradeCheck = 0830;
				ORGANIZATIONNAME = Radbonus;
				TargetAttributes = {
					F239CC041EC9E3A100BA741E = {
						CreatedOnToolsVersion = 8.3.2;
						ProvisioningStyle = Automatic;
					};
					F239CC1D1EC9E3A100BA741E = {
						CreatedOnToolsVersion = 8.3.2;
						ProvisioningStyle = Automatic;
						TestTargetID = F239CC041EC9E3A100BA741E;
					};
					F239CC281EC9E3A100BA741E = {
						CreatedOnToolsVersion = 8.3.2;
						ProvisioningStyle = Automatic;
						TestTargetID = F239CC041EC9E3A100BA741E;
					};
				};
			};
			buildConfigurationList = F239CC001EC9E3A100BA741E /* Build configuration list for PBXProject "SQLite3DBSample" */;
			compatibilityVersion = "Xcode 3.2";
			developmentRegion = English;
			hasScannedForEncodings = 0;
			knownRegions = (
				en,
				Base,
			);
			mainGroup = F239CBFC1EC9E3A100BA741E;
			productRefGroup = F239CC061EC9E3A100BA741E /* Products */;
			projectDirPath = "";
			projectRoot = "";
			targets = (
				F239CC041EC9E3A100BA741E /* SQLite3DBSample */,
				F239CC1D1EC9E3A100BA741E /* SQLite3DBSampleTests */,
				F239CC281EC9E3A100BA741E /* SQLite3DBSampleUITests */,
			);
		};
/* End PBXProject section */

/* Begin PBXResourcesBuildPhase section */
		F239CC031EC9E3A100BA741E /* Resources */ = {
			isa = PBXResourcesBuildPhase;
			buildActionMask = 2147483647;
			files = (
				F239CC181EC9E3A100BA741E /* LaunchScreen.storyboard in Resources */,
				F239CC151EC9E3A100BA741E /* Assets.xcassets in Resources */,
				F239CC441ECA0CFE00BA741E /* sampledb.sql in Resources */,
				F239CC131EC9E3A100BA741E /* Main.storyboard in Resources */,
			);
			runOnlyForDeploymentPostprocessing = 0;
		};
		F239CC1C1EC9E3A100BA741E /* Resources */ = {
			isa = PBXResourcesBuildPhase;
			buildActionMask = 2147483647;
			files = (
			);
			runOnlyForDeploymentPostprocessing = 0;
		};
		F239CC271EC9E3A100BA741E /* Resources */ = {
			isa = PBXResourcesBuildPhase;
			buildActionMask = 2147483647;
			files = (
			);
			runOnlyForDeploymentPostprocessing = 0;
		};
/* End PBXResourcesBuildPhase section */

/* Begin PBXSourcesBuildPhase section */
		F239CC011EC9E3A100BA741E /* Sources */ = {
			isa = PBXSourcesBuildPhase;
			buildActionMask = 2147483647;
			files = (
				F239CC471ECB1C1000BA741E /* EditInfoViewController.m in Sources */,
				F239CC101EC9E3A100BA741E /* ViewController.m in Sources */,
				F239CC0D1EC9E3A100BA741E /* AppDelegate.m in Sources */,
				F239CC0A1EC9E3A100BA741E /* main.m in Sources */,
				F239CC421EC9E51A00BA741E /* DBManager.m in Sources */,
			);
			runOnlyForDeploymentPostprocessing = 0;
		};
		F239CC1A1EC9E3A100BA741E /* Sources */ = {
			isa = PBXSourcesBuildPhase;
			buildActionMask = 2147483647;
			files = (
				F239CC231EC9E3A100BA741E /* SQLite3DBSampleTests.m in Sources */,
			);
			runOnlyForDeploymentPostprocessing = 0;
		};
		F239CC251EC9E3A100BA741E /* Sources */ = {
			isa = PBXSourcesBuildPhase;
			buildActionMask = 2147483647;
			files = (
				F239CC2E1EC9E3A100BA741E /* SQLite3DBSampleUITests.m in Sources */,
			);
			runOnlyForDeploymentPostprocessing = 0;
		};
/* End PBXSourcesBuildPhase section */

/* Begin PBXTargetDependency section */
		F239CC201EC9E3A100BA741E /* PBXTargetDependency */ = {
			isa = PBXTargetDependency;
			target = F239CC041EC9E3A100BA741E /* SQLite3DBSample */;
			targetProxy = F239CC1F1EC9E3A100BA741E /* PBXContainerItemProxy */;
		};
		F239CC2B1EC9E3A100BA741E /* PBXTargetDependency */ = {
			isa = PBXTargetDependency;
			target = F239CC041EC9E3A100BA741E /* SQLite3DBSample */;
			targetProxy = F239CC2A1EC9E3A100BA741E /* PBXContainerItemProxy */;
		};
/* End PBXTargetDependency section */

/* Begin PBXVariantGroup section */
		F239CC111EC9E3A100BA741E /* Main.storyboard */ = {
			isa = PBXVariantGroup;
			children = (
				F239CC121EC9E3A100BA741E /* Base */,
			);
			name = Main.storyboard;
			sourceTree = "<group>";
		};
		F239CC161EC9E3A100BA741E /* LaunchScreen.storyboard */ = {
			isa = PBXVariantGroup;
			children = (
				F239CC171EC9E3A100BA741E /* Base */,
			);
			name = LaunchScreen.storyboard;
			sourceTree = "<group>";
		};
/* End PBXVariantGroup section */

/* Begin XCBuildConfiguration section */
		F239CC301EC9E3A100BA741E /* Debug */ = {
			isa = XCBuildConfiguration;
			buildSettings = {
				ALWAYS_SEARCH_USER_PATHS = NO;
				CLANG_ANALYZER_NONNULL = YES;
				CLANG_ANALYZER_NUMBER_OBJECT_CONVERSION = YES_AGGRESSIVE;
				CLANG_CXX_LANGUAGE_STANDARD = "gnu++0x";
				CLANG_CXX_LIBRARY = "libc++";
				CLANG_ENABLE_MODULES = YES;
				CLANG_ENABLE_OBJC_ARC = YES;
				CLANG_WARN_BOOL_CONVERSION = YES;
				CLANG_WARN_CONSTANT_CONVERSION = YES;
				CLANG_WARN_DIRECT_OBJC_ISA_USAGE = YES_ERROR;
				CLANG_WARN_DOCUMENTATION_COMMENTS = YES;
				CLANG_WARN_EMPTY_BODY = YES;
				CLANG_WARN_ENUM_CONVERSION = YES;
				CLANG_WARN_INFINITE_RECURSION = YES;
				CLANG_WARN_INT_CONVERSION = YES;
				CLANG_WARN_OBJC_ROOT_CLASS = YES_ERROR;
				CLANG_WARN_SUSPICIOUS_MOVE = YES;
				CLANG_WARN_UNREACHABLE_CODE = YES;
				CLANG_WARN__DUPLICATE_METHOD_MATCH = YES;
				"CODE_SIGN_IDENTITY[sdk=iphoneos*]" = "iPhone Developer";
				COPY_PHASE_STRIP = NO;
				DEBUG_INFORMATION_FORMAT = dwarf;
				ENABLE_STRICT_OBJC_MSGSEND = YES;
				ENABLE_TESTABILITY = YES;
				GCC_C_LANGUAGE_STANDARD = gnu99;
				GCC_DYNAMIC_NO_PIC = NO;
				GCC_NO_COMMON_BLOCKS = YES;
				GCC_OPTIMIZATION_LEVEL = 0;
				GCC_PREPROCESSOR_DEFINITIONS = (
					"DEBUG=1",
					"$(inherited)",
				);
				GCC_WARN_64_TO_32_BIT_CONVERSION = YES;
				GCC_WARN_ABOUT_RETURN_TYPE = YES_ERROR;
				GCC_WARN_UNDECLARED_SELECTOR = YES;
				GCC_WARN_UNINITIALIZED_AUTOS = YES_AGGRESSIVE;
				GCC_WARN_UNUSED_FUNCTION = YES;
				GCC_WARN_UNUSED_VARIABLE = YES;
				IPHONEOS_DEPLOYMENT_TARGET = 10.3;
				MTL_ENABLE_DEBUG_INFO = YES;
				ONLY_ACTIVE_ARCH = YES;
				SDKROOT = iphoneos;
			};
			name = Debug;
		};
		F239CC311EC9E3A100BA741E /* Release */ = {
			isa = XCBuildConfiguration;
			buildSettings = {
				ALWAYS_SEARCH_USER_PATHS = NO;
				CLANG_ANALYZER_NONNULL = YES;
				CLANG_ANALYZER_NUMBER_OBJECT_CONVERSION = YES_AGGRESSIVE;
				CLANG_CXX_LANGUAGE_STANDARD = "gnu++0x";
				CLANG_CXX_LIBRARY = "libc++";
				CLANG_ENABLE_MODULES = YES;
				CLANG_ENABLE_OBJC_ARC = YES;
				CLANG_WARN_BOOL_CONVERSION = YES;
				CLANG_WARN_CONSTANT_CONVERSION = YES;
				CLANG_WARN_DIRECT_OBJC_ISA_USAGE = YES_ERROR;
				CLANG_WARN_DOCUMENTATION_COMMENTS = YES;
				CLANG_WARN_EMPTY_BODY = YES;
				CLANG_WARN_ENUM_CONVERSION = YES;
				CLANG_WARN_INFINITE_RECURSION = YES;
				CLANG_WARN_INT_CONVERSION = YES;
				CLANG_WARN_OBJC_ROOT_CLASS = YES_ERROR;
				CLANG_WARN_SUSPICIOUS_MOVE = YES;
				CLANG_WARN_UNREACHABLE_CODE = YES;
				CLANG_WARN__DUPLICATE_METHOD_MATCH = YES;
				"CODE_SIGN_IDENTITY[sdk=iphoneos*]" = "iPhone Developer";
				COPY_PHASE_STRIP = NO;
				DEBUG_INFORMATION_FORMAT = "dwarf-with-dsym";
				ENABLE_NS_ASSERTIONS = NO;
				ENABLE_STRICT_OBJC_MSGSEND = YES;
				GCC_C_LANGUAGE_STANDARD = gnu99;
				GCC_NO_COMMON_BLOCKS = YES;
				GCC_WARN_64_TO_32_BIT_CONVERSION = YES;
				GCC_WARN_ABOUT_RETURN_TYPE = YES_ERROR;
				GCC_WARN_UNDECLARED_SELECTOR = YES;
				GCC_WARN_UNINITIALIZED_AUTOS = YES_AGGRESSIVE;
				GCC_WARN_UNUSED_FUNCTION = YES;
				GCC_WARN_UNUSED_VARIABLE = YES;
				IPHONEOS_DEPLOYMENT_TARGET = 10.3;
				MTL_ENABLE_DEBUG_INFO = NO;
				SDKROOT = iphoneos;
				VALIDATE_PRODUCT = YES;
			};
			name = Release;
		};
		F239CC331EC9E3A100BA741E /* Debug */ = {
			isa = XCBuildConfiguration;
			buildSettings = {
				ASSETCATALOG_COMPILER_APPICON_NAME = AppIcon;
				DEVELOPMENT_TEAM = "";
				INFOPLIST_FILE = SQLite3DBSample/Info.plist;
				LD_RUNPATH_SEARCH_PATHS = "$(inherited) @executable_path/Frameworks";
				PRODUCT_BUNDLE_IDENTIFIER = com.Radbonus.SQLite3DBSample;
				PRODUCT_NAME = "$(TARGET_NAME)";
			};
			name = Debug;
		};
		F239CC341EC9E3A100BA741E /* Release */ = {
			isa = XCBuildConfiguration;
			buildSettings = {
				ASSETCATALOG_COMPILER_APPICON_NAME = AppIcon;
				DEVELOPMENT_TEAM = "";
				INFOPLIST_FILE = SQLite3DBSample/Info.plist;
				LD_RUNPATH_SEARCH_PATHS = "$(inherited) @executable_path/Frameworks";
				PRODUCT_BUNDLE_IDENTIFIER = com.Radbonus.SQLite3DBSample;
				PRODUCT_NAME = "$(TARGET_NAME)";
			};
			name = Release;
		};
		F239CC361EC9E3A100BA741E /* Debug */ = {
			isa = XCBuildConfiguration;
			buildSettings = {
				BUNDLE_LOADER = "$(TEST_HOST)";
				INFOPLIST_FILE = SQLite3DBSampleTests/Info.plist;
				LD_RUNPATH_SEARCH_PATHS = "$(inherited) @executable_path/Frameworks @loader_path/Frameworks";
				PRODUCT_BUNDLE_IDENTIFIER = com.Radbonus.SQLite3DBSampleTests;
				PRODUCT_NAME = "$(TARGET_NAME)";
				TEST_HOST = "$(BUILT_PRODUCTS_DIR)/SQLite3DBSample.app/SQLite3DBSample";
			};
			name = Debug;
		};
		F239CC371EC9E3A100BA741E /* Release */ = {
			isa = XCBuildConfiguration;
			buildSettings = {
				BUNDLE_LOADER = "$(TEST_HOST)";
				INFOPLIST_FILE = SQLite3DBSampleTests/Info.plist;
				LD_RUNPATH_SEARCH_PATHS = "$(inherited) @executable_path/Frameworks @loader_path/Frameworks";
				PRODUCT_BUNDLE_IDENTIFIER = com.Radbonus.SQLite3DBSampleTests;
				PRODUCT_NAME = "$(TARGET_NAME)";
				TEST_HOST = "$(BUILT_PRODUCTS_DIR)/SQLite3DBSample.app/SQLite3DBSample";
			};
			name = Release;
		};
		F239CC391EC9E3A100BA741E /* Debug */ = {
			isa = XCBuildConfiguration;
			buildSettings = {
				INFOPLIST_FILE = SQLite3DBSampleUITests/Info.plist;
				LD_RUNPATH_SEARCH_PATHS = "$(inherited) @executable_path/Frameworks @loader_path/Frameworks";
				PRODUCT_BUNDLE_IDENTIFIER = com.Radbonus.SQLite3DBSampleUITests;
				PRODUCT_NAME = "$(TARGET_NAME)";
				TEST_TARGET_NAME = SQLite3DBSample;
			};
			name = Debug;
		};
		F239CC3A1EC9E3A100BA741E /* Release */ = {
			isa = XCBuildConfiguration;
			buildSettings = {
				INFOPLIST_FILE = SQLite3DBSampleUITests/Info.plist;
				LD_RUNPATH_SEARCH_PATHS = "$(inherited) @executable_path/Frameworks @loader_path/Frameworks";
				PRODUCT_BUNDLE_IDENTIFIER = com.Radbonus.SQLite3DBSampleUITests;
				PRODUCT_NAME = "$(TARGET_NAME)";
				TEST_TARGET_NAME = SQLite3DBSample;
			};
			name = Release;
		};
/* End XCBuildConfiguration section */

/* Begin XCConfigurationList section */
		F239CC001EC9E3A100BA741E /* Build configuration list for PBXProject "SQLite3DBSample" */ = {
			isa = XCConfigurationList;
			buildConfigurations = (
				F239CC301EC9E3A100BA741E /* Debug */,
				F239CC311EC9E3A100BA741E /* Release */,
			);
			defaultConfigurationIsVisible = 0;
			defaultConfigurationName = Release;
		};
		F239CC321EC9E3A100BA741E /* Build configuration list for PBXNativeTarget "SQLite3DBSample" */ = {
			isa = XCConfigurationList;
			buildConfigurations = (
				F239CC331EC9E3A100BA741E /* Debug */,
				F239CC341EC9E3A100BA741E /* Release */,
			);
			defaultConfigurationIsVisible = 0;
		};
		F239CC351EC9E3A100BA741E /* Build configuration list for PBXNativeTarget "SQLite3DBSampleTests" */ = {
			isa = XCConfigurationList;
			buildConfigurations = (
				F239CC361EC9E3A100BA741E /* Debug */,
				F239CC371EC9E3A100BA741E /* Release */,
			);
			defaultConfigurationIsVisible = 0;
		};
		F239CC381EC9E3A100BA741E /* Build configuration list for PBXNativeTarget "SQLite3DBSampleUITests" */ = {
			isa = XCConfigurationList;
			buildConfigurations = (
				F239CC391EC9E3A100BA741E /* Debug */,
				F239CC3A1EC9E3A100BA741E /* Release */,
			);
			defaultConfigurationIsVisible = 0;
		};
/* End XCConfigurationList section */
	};
	rootObject = F239CBFD1EC9E3A100BA741E /* Project object */;
}
